
Microsoft Visual Studio Solution File, Format Version 12.00
# Visual Studio Version 16
VisualStudioVersion = 16.0.29102.190
MinimumVisualStudioVersion = 10.0.40219.1
Project("{FAE04EC0-301F-11D3-BF4B-00C04F79EFBC}") = "ConsoleApp-EF", "ConsoleApp-EF\ConsoleApp-EF.csproj", "{C390D9F6-E800-4ABF-8986-3383CCB4946D}"
EndProject
Global
	GlobalSection(SolutionConfigurationPlatforms) = preSolution
		Debug|Any CPU = Debug|Any CPU
		Release|Any CPU = Release|Any CPU
	EndGlobalSection
	GlobalSection(ProjectConfigurationPlatforms) = postSolution
		{C390D9F6-E800-4ABF-8986-3383CCB4946D}.Debug|Any CPU.ActiveCfg = Debug|Any CPU
		{C390D9F6-E800-4ABF-8986-3383CCB4946D}.Debug|Any CPU.Build.0 = Debug|Any CPU
		{C390D9F6-E800-4ABF-8986-3383CCB4946D}.Release|Any CPU.ActiveCfg = Release|Any CPU
		{C390D9F6-E800-4ABF-8986-3383CCB4946D}.Release|Any CPU.Build.0 = Release|Any CPU
	EndGlobalSection
	GlobalSection(SolutionProperties) = preSolution
		HideSolutionNode = FALSE
	EndGlobalSection
	GlobalSection(ExtensibilityGlobals) = postSolution
		SolutionGuid = {02BC235B-B75E-4E46-B9A2-A1B3E85763AD}
	EndGlobalSection
EndGlobal
